
Microsoft Visual Studio Solution File, Format Version 12.00
# Visual Studio 15
VisualStudioVersion = 15.0.26124.0
MinimumVisualStudioVersion = 15.0.26124.0
Project("{FAE04EC0-301F-11D3-BF4B-00C04F79EFBC}") = "Services", "Services\Services.csproj", "{DA39FF83-23CB-4DB0-AB95-0E84B7F6F293}"
EndProject
Project("{FAE04EC0-301F-11D3-BF4B-00C04F79EFBC}") = "Server", "Server\Server.csproj", "{5053F82F-3F4E-4D47-AA3A-332C777CB4B6}"
EndProject
Global
	GlobalSection(SolutionConfigurationPlatforms) = preSolution
		Debug|Any CPU = Debug|Any CPU
		Debug|x64 = Debug|x64
		Debug|x86 = Debug|x86
		Release|Any CPU = Release|Any CPU
		Release|x64 = Release|x64
		Release|x86 = Release|x86
	EndGlobalSection
	GlobalSection(SolutionProperties) = preSolution
		HideSolutionNode = FALSE
	EndGlobalSection
	GlobalSection(ProjectConfigurationPlatforms) = postSolution
		{DA39FF83-23CB-4DB0-AB95-0E84B7F6F293}.Debug|Any CPU.ActiveCfg = Debug|Any CPU
		{DA39FF83-23CB-4DB0-AB95-0E84B7F6F293}.Debug|Any CPU.Build.0 = Debug|Any CPU
		{DA39FF83-23CB-4DB0-AB95-0E84B7F6F293}.Debug|x64.ActiveCfg = Debug|Any CPU
		{DA39FF83-23CB-4DB0-AB95-0E84B7F6F293}.Debug|x64.Build.0 = Debug|Any CPU
		{DA39FF83-23CB-4DB0-AB95-0E84B7F6F293}.Debug|x86.ActiveCfg = Debug|Any CPU
		{DA39FF83-23CB-4DB0-AB95-0E84B7F6F293}.Debug|x86.Build.0 = Debug|Any CPU
		{DA39FF83-23CB-4DB0-AB95-0E84B7F6F293}.Release|Any CPU.ActiveCfg = Release|Any CPU
		{DA39FF83-23CB-4DB0-AB95-0E84B7F6F293}.Release|Any CPU.Build.0 = Release|Any CPU
		{DA39FF83-23CB-4DB0-AB95-0E84B7F6F293}.Release|x64.ActiveCfg = Release|Any CPU
		{DA39FF83-23CB-4DB0-AB95-0E84B7F6F293}.Release|x64.Build.0 = Release|Any CPU
		{DA39FF83-23CB-4DB0-AB95-0E84B7F6F293}.Release|x86.ActiveCfg = Release|Any CPU
		{DA39FF83-23CB-4DB0-AB95-0E84B7F6F293}.Release|x86.Build.0 = Release|Any CPU
		{5053F82F-3F4E-4D47-AA3A-332C777CB4B6}.Debug|Any CPU.ActiveCfg = Debug|Any CPU
		{5053F82F-3F4E-4D47-AA3A-332C777CB4B6}.Debug|Any CPU.Build.0 = Debug|Any CPU
		{5053F82F-3F4E-4D47-AA3A-332C777CB4B6}.Debug|x64.ActiveCfg = Debug|Any CPU
		{5053F82F-3F4E-4D47-AA3A-332C777CB4B6}.Debug|x64.Build.0 = Debug|Any CPU
		{5053F82F-3F4E-4D47-AA3A-332C777CB4B6}.Debug|x86.ActiveCfg = Debug|Any CPU
		{5053F82F-3F4E-4D47-AA3A-332C777CB4B6}.Debug|x86.Build.0 = Debug|Any CPU
		{5053F82F-3F4E-4D47-AA3A-332C777CB4B6}.Release|Any CPU.ActiveCfg = Release|Any CPU
		{5053F82F-3F4E-4D47-AA3A-332C777CB4B6}.Release|Any CPU.Build.0 = Release|Any CPU
		{5053F82F-3F4E-4D47-AA3A-332C777CB4B6}.Release|x64.ActiveCfg = Release|Any CPU
		{5053F82F-3F4E-4D47-AA3A-332C777CB4B6}.Release|x64.Build.0 = Release|Any CPU
		{5053F82F-3F4E-4D47-AA3A-332C777CB4B6}.Release|x86.ActiveCfg = Release|Any CPU
		{5053F82F-3F4E-4D47-AA3A-332C777CB4B6}.Release|x86.Build.0 = Release|Any CPU
	EndGlobalSection
EndGlobal
